<?xml version="1.0" encoding="utf-8"?>
<Project ToolsVersion="4.0" xmlns="http://schemas.microsoft.com/developer/msbuild/2003">
  <ItemGroup>
    <ClCompile Include="src\Application.cpp" />
    <ClCompile Include="src\ImageLoader.cpp" />
    <ClCompile Include="src\Shader.cpp" />
    <ClCompile Include="src\Camera.cpp" />
    <ClCompile Include="src\OLDapplication.cpp" />
    <ClCompile Include="src\VertexDataBuffer.cpp" />
    <ClCompile Include="src\drawableObjects\DrawableObject.cpp" />
    <ClCompile Include="src\drawableObjects\RotatableDrawableObject.cpp" />
    <ClCompile Include="src\GenerateSpheres.cpp" />
    <ClCompile Include="src\drawableObjects\Sphere.cpp" />
  </ItemGroup>
  <ItemGroup>
    <ClInclude Include="src\glErrorHandling.h" />
    <ClInclude Include="src\Shader.h" />
    <ClInclude Include="src\Textures.h" />
    <ClInclude Include="src\Camera.h" />
    <ClInclude Include="src\drawableObjects\DrawableObject.h" />
    <ClInclude Include="src\VertexDataBuffer.h" />
    <ClInclude Include="src\drawableObjects\RotatableDrawableObject.h" />
    <ClInclude Include="src\GenerateSpheres.h" />
    <ClInclude Include="src\drawableObjects\Sphere.h" />
  </ItemGroup>
  <ItemGroup>
    <None Include="src\shaders\shader.vs" />
    <None Include="src\shaders\shader.fs" />
    <None Include="src\shaders\light.fs" />
    <None Include="src\shaders\light.vs" />
    <None Include="src\shaders\ground.vs" />
    <None Include="src\shaders\ground.fs" />
    <None Include="src\shaders\sphere.fs" />
    <None Include="src\shaders\sphere.vs" />
  </ItemGroup>
</Project>